
Microsoft Visual Studio Solution File, Format Version 12.00
# Visual Studio 2012
Project("{FAE04EC0-301F-11D3-BF4B-00C04F79EFBC}") = "Bifrost", "Bifrost\Bifrost.csproj", "{1CB3E3C5-0A34-4D98-AD54-B2B3B188CF1E}"
EndProject
Project("{FAE04EC0-301F-11D3-BF4B-00C04F79EFBC}") = "BifrostStandalone", "BifrostStandalone\BifrostStandalone.csproj", "{57604620-9D5F-4AD9-BC68-D89068695589}"
EndProject
Global
	GlobalSection(SolutionConfigurationPlatforms) = preSolution
		Debug|Any CPU = Debug|Any CPU
		Release|Any CPU = Release|Any CPU
	EndGlobalSection
	GlobalSection(ProjectConfigurationPlatforms) = postSolution
		{1CB3E3C5-0A34-4D98-AD54-B2B3B188CF1E}.Debug|Any CPU.ActiveCfg = Debug|Any CPU
		{1CB3E3C5-0A34-4D98-AD54-B2B3B188CF1E}.Debug|Any CPU.Build.0 = Debug|Any CPU
		{1CB3E3C5-0A34-4D98-AD54-B2B3B188CF1E}.Release|Any CPU.ActiveCfg = Release|Any CPU
		{1CB3E3C5-0A34-4D98-AD54-B2B3B188CF1E}.Release|Any CPU.Build.0 = Release|Any CPU
		{57604620-9D5F-4AD9-BC68-D89068695589}.Debug|Any CPU.ActiveCfg = Debug|Any CPU
		{57604620-9D5F-4AD9-BC68-D89068695589}.Debug|Any CPU.Build.0 = Debug|Any CPU
		{57604620-9D5F-4AD9-BC68-D89068695589}.Release|Any CPU.ActiveCfg = Release|Any CPU
		{57604620-9D5F-4AD9-BC68-D89068695589}.Release|Any CPU.Build.0 = Release|Any CPU
	EndGlobalSection
	GlobalSection(SolutionProperties) = preSolution
		HideSolutionNode = FALSE
	EndGlobalSection
EndGlobal
